
Microsoft Visual Studio Solution File, Format Version 12.00
# Visual Studio 15
VisualStudioVersion = 15.0.27004.2008
MinimumVisualStudioVersion = 10.0.40219.1
Project("{8BC9CEB8-8B4A-11D0-8D11-00A0C91BC942}") = "mc", "mc\mc.vcxproj", "{E9DD4E43-CC56-4B00-AFC9-3A3945F41EB4}"
EndProject
Global
	GlobalSection(SolutionConfigurationPlatforms) = preSolution
		Debug|x64 = Debug|x64
		Debug|x86 = Debug|x86
		Release|x64 = Release|x64
		Release|x86 = Release|x86
	EndGlobalSection
	GlobalSection(ProjectConfigurationPlatforms) = postSolution
		{E9DD4E43-CC56-4B00-AFC9-3A3945F41EB4}.Debug|x64.ActiveCfg = Debug|x64
		{E9DD4E43-CC56-4B00-AFC9-3A3945F41EB4}.Debug|x64.Build.0 = Debug|x64
		{E9DD4E43-CC56-4B00-AFC9-3A3945F41EB4}.Debug|x86.ActiveCfg = Debug|Win32
		{E9DD4E43-CC56-4B00-AFC9-3A3945F41EB4}.Debug|x86.Build.0 = Debug|Win32
		{E9DD4E43-CC56-4B00-AFC9-3A3945F41EB4}.Release|x64.ActiveCfg = Release|x64
		{E9DD4E43-CC56-4B00-AFC9-3A3945F41EB4}.Release|x64.Build.0 = Release|x64
		{E9DD4E43-CC56-4B00-AFC9-3A3945F41EB4}.Release|x86.ActiveCfg = Release|Win32
		{E9DD4E43-CC56-4B00-AFC9-3A3945F41EB4}.Release|x86.Build.0 = Release|Win32
	EndGlobalSection
	GlobalSection(SolutionProperties) = preSolution
		HideSolutionNode = FALSE
	EndGlobalSection
	GlobalSection(ExtensibilityGlobals) = postSolution
		SolutionGuid = {FAB8E528-89C3-40B1-B53B-86D7F4B55EE6}
	EndGlobalSection
EndGlobal
